
Microsoft Visual Studio Solution File, Format Version 12.00
# Visual Studio Version 17
VisualStudioVersion = 17.8.34219.65
MinimumVisualStudioVersion = 10.0.40219.1
Project("{2150E333-8FDC-42A3-9474-1A3956D46DE8}") = "src", "src", "{BAECCF56-2805-426B-B8FA-CD391190D586}"
EndProject
Project("{2150E333-8FDC-42A3-9474-1A3956D46DE8}") = "Solution Items", "Solution Items", "{7C9E676C-E21B-4615-8C45-089C33151922}"
	ProjectSection(SolutionItems) = preProject
		README.md = README.md
	EndProjectSection
EndProject
Project("{2150E333-8FDC-42A3-9474-1A3956D46DE8}") = "test", "test", "{7E0A0AD8-9582-486A-AA26-7F84E8D4E27C}"
EndProject
Project("{9A19103F-16F7-4668-BE54-9A1E7A4F7556}") = "ApiTest", "test\ApiTest\ApiTest.csproj", "{42CD8DF3-DE69-494E-81F8-940A71670051}"
EndProject
Project("{54A90642-561A-4BB1-A94E-469ADEE60C69}") = "Presentation.React", "src\presentation.react\Presentation.React.esproj", "{56D8469C-8FAD-1B7C-3744-34C8F9561202}"
EndProject
Project("{FAE04EC0-301F-11D3-BF4B-00C04F79EFBC}") = "Domain", "src\Domain\Domain.csproj", "{87EDA1D2-4B5B-E524-38CE-D0BFCA5F4D6B}"
EndProject
Project("{FAE04EC0-301F-11D3-BF4B-00C04F79EFBC}") = "Infrastructure", "src\Infrastructure\Infrastructure.csproj", "{3D745DFE-AF9A-E111-755D-FD3FFF280728}"
EndProject
Project("{FAE04EC0-301F-11D3-BF4B-00C04F79EFBC}") = "Application", "src\Application\Application.csproj", "{5BDAB160-5258-45DA-1CDF-4BFCF367E785}"
EndProject
Project("{FAE04EC0-301F-11D3-BF4B-00C04F79EFBC}") = "Presentation.Api", "src\Presentation.Api\Presentation.Api.csproj", "{E3352462-D021-E78E-EA73-85577893CEF5}"
EndProject
Global
	GlobalSection(SolutionConfigurationPlatforms) = preSolution
		Debug|Any CPU = Debug|Any CPU
		Release|Any CPU = Release|Any CPU
	EndGlobalSection
	GlobalSection(ProjectConfigurationPlatforms) = postSolution
		{42CD8DF3-DE69-494E-81F8-940A71670051}.Debug|Any CPU.ActiveCfg = Debug|Any CPU
		{42CD8DF3-DE69-494E-81F8-940A71670051}.Debug|Any CPU.Build.0 = Debug|Any CPU
		{42CD8DF3-DE69-494E-81F8-940A71670051}.Release|Any CPU.ActiveCfg = Release|Any CPU
		{42CD8DF3-DE69-494E-81F8-940A71670051}.Release|Any CPU.Build.0 = Release|Any CPU
		{56D8469C-8FAD-1B7C-3744-34C8F9561202}.Debug|Any CPU.ActiveCfg = Debug|Any CPU
		{56D8469C-8FAD-1B7C-3744-34C8F9561202}.Debug|Any CPU.Build.0 = Debug|Any CPU
		{56D8469C-8FAD-1B7C-3744-34C8F9561202}.Debug|Any CPU.Deploy.0 = Debug|Any CPU
		{56D8469C-8FAD-1B7C-3744-34C8F9561202}.Release|Any CPU.ActiveCfg = Release|Any CPU
		{56D8469C-8FAD-1B7C-3744-34C8F9561202}.Release|Any CPU.Build.0 = Release|Any CPU
		{56D8469C-8FAD-1B7C-3744-34C8F9561202}.Release|Any CPU.Deploy.0 = Release|Any CPU
		{87EDA1D2-4B5B-E524-38CE-D0BFCA5F4D6B}.Debug|Any CPU.ActiveCfg = Debug|Any CPU
		{87EDA1D2-4B5B-E524-38CE-D0BFCA5F4D6B}.Debug|Any CPU.Build.0 = Debug|Any CPU
		{87EDA1D2-4B5B-E524-38CE-D0BFCA5F4D6B}.Release|Any CPU.ActiveCfg = Release|Any CPU
		{87EDA1D2-4B5B-E524-38CE-D0BFCA5F4D6B}.Release|Any CPU.Build.0 = Release|Any CPU
		{3D745DFE-AF9A-E111-755D-FD3FFF280728}.Debug|Any CPU.ActiveCfg = Debug|Any CPU
		{3D745DFE-AF9A-E111-755D-FD3FFF280728}.Debug|Any CPU.Build.0 = Debug|Any CPU
		{3D745DFE-AF9A-E111-755D-FD3FFF280728}.Release|Any CPU.ActiveCfg = Release|Any CPU
		{3D745DFE-AF9A-E111-755D-FD3FFF280728}.Release|Any CPU.Build.0 = Release|Any CPU
		{5BDAB160-5258-45DA-1CDF-4BFCF367E785}.Debug|Any CPU.ActiveCfg = Debug|Any CPU
		{5BDAB160-5258-45DA-1CDF-4BFCF367E785}.Debug|Any CPU.Build.0 = Debug|Any CPU
		{5BDAB160-5258-45DA-1CDF-4BFCF367E785}.Release|Any CPU.ActiveCfg = Release|Any CPU
		{5BDAB160-5258-45DA-1CDF-4BFCF367E785}.Release|Any CPU.Build.0 = Release|Any CPU
		{E3352462-D021-E78E-EA73-85577893CEF5}.Debug|Any CPU.ActiveCfg = Debug|Any CPU
		{E3352462-D021-E78E-EA73-85577893CEF5}.Debug|Any CPU.Build.0 = Debug|Any CPU
		{E3352462-D021-E78E-EA73-85577893CEF5}.Release|Any CPU.ActiveCfg = Release|Any CPU
		{E3352462-D021-E78E-EA73-85577893CEF5}.Release|Any CPU.Build.0 = Release|Any CPU
	EndGlobalSection
	GlobalSection(SolutionProperties) = preSolution
		HideSolutionNode = FALSE
	EndGlobalSection
	GlobalSection(NestedProjects) = preSolution
		{42CD8DF3-DE69-494E-81F8-940A71670051} = {7E0A0AD8-9582-486A-AA26-7F84E8D4E27C}
		{56D8469C-8FAD-1B7C-3744-34C8F9561202} = {BAECCF56-2805-426B-B8FA-CD391190D586}
		{87EDA1D2-4B5B-E524-38CE-D0BFCA5F4D6B} = {BAECCF56-2805-426B-B8FA-CD391190D586}
		{3D745DFE-AF9A-E111-755D-FD3FFF280728} = {BAECCF56-2805-426B-B8FA-CD391190D586}
		{5BDAB160-5258-45DA-1CDF-4BFCF367E785} = {BAECCF56-2805-426B-B8FA-CD391190D586}
		{E3352462-D021-E78E-EA73-85577893CEF5} = {BAECCF56-2805-426B-B8FA-CD391190D586}
	EndGlobalSection
	GlobalSection(ExtensibilityGlobals) = postSolution
		SolutionGuid = {5EA32805-9E75-47B2-8855-496409B1BB0D}
	EndGlobalSection
EndGlobal
